<?xml version="1.0" encoding="utf-8"?>
<Project ToolsVersion="4.0" xmlns="http://schemas.microsoft.com/developer/msbuild/2003">
  <ItemGroup>
    <Filter Include="Source Files">
      <UniqueIdentifier>{4FC737F1-C7A5-4376-A066-2A32D752A2FF}</UniqueIdentifier>
      <Extensions>cpp;c;cc;cxx;def;odl;idl;hpj;bat;asm;asmx</Extensions>
    </Filter>
    <Filter Include="Header Files">
      <UniqueIdentifier>{93995380-89BD-4b04-88EB-625FBE52EBFB}</UniqueIdentifier>
      <Extensions>h;hh;hpp;hxx;hm;inl;inc;xsd</Extensions>
    </Filter>
    <Filter Include="Resource Files">
      <UniqueIdentifier>{67DA6AB6-F800-4c08-8B7A-83BB121AAD01}</UniqueIdentifier>
      <Extensions>rc;ico;cur;bmp;dlg;rc2;rct;bin;rgs;gif;jpg;jpeg;jpe;resx;tiff;tif;png;wav;mfcribbon-ms</Extensions>
    </Filter>
    <Filter Include="Source Files\test">
      <UniqueIdentifier>{2da695de-597f-45d2-b286-07af8017ab18}</UniqueIdentifier>
    </Filter>
    <Filter Include="Source Files\templates">
      <UniqueIdentifier>{2ef3d74f-86c9-4a70-ac2a-1c9640a20aa7}</UniqueIdentifier>
    </Filter>
    <Filter Include="Source Files\templates\blocks">
      <UniqueIdentifier>{a485db73-a9ba-48f2-9c7f-bdb0f51cad92}</UniqueIdentifier>
    </Filter>
  </ItemGroup>
  <ItemGroup>
    <ClCompile Include="..\..\source\i32-filter-chain.gtest.cpp">
      <Filter>Source Files</Filter>
    </ClCompile>
    <ClCompile Include="..\..\source\fc_Mallocator.c">
      <Filter>Source Files</Filter>
    </ClCompile>
    <ClCompile Include="..\..\source\fc_CountAllocator.c">
      <Filter>Source Files</Filter>
    </ClCompile>
    <ClCompile Include="..\..\source\fc_macros.h">
      <Filter>Source Files</Filter>
    </ClCompile>
    <ClCompile Include="..\..\source\fc_allocate.c">
      <Filter>Source Files</Filter>
    </ClCompile>
    <ClCompile Include="..\..\source\fc_Builder.c">
      <Filter>Source Files</Filter>
    </ClCompile>
    <ClCompile Include="..\..\source\fc_common.c">
      <Filter>Source Files</Filter>
    </ClCompile>
    <ClCompile Include="..\..\source\fc_IVisitor.c">
      <Filter>Source Files</Filter>
    </ClCompile>
    <ClCompile Include="..\..\source\fc_IAllocator.c">
      <Filter>Source Files</Filter>
    </ClCompile>
    <ClCompile Include="..\..\test\TestCommon.cpp">
      <Filter>Source Files\test</Filter>
    </ClCompile>
    <ClCompile Include="..\..\test\MockHeap.cpp">
      <Filter>Source Files\test</Filter>
    </ClCompile>
    <ClCompile Include="..\..\test\c-test.c">
      <Filter>Source Files\test</Filter>
    </ClCompile>
    <ClCompile Include="..\..\source\templates\fc_PassThrough.gtest.cpp">
      <Filter>Source Files\templates\blocks</Filter>
    </ClCompile>
    <ClCompile Include="..\..\test\visitors.cpp">
      <Filter>Source Files\test</Filter>
    </ClCompile>
    <ClCompile Include="..\..\test\NotABlock.c">
      <Filter>Source Files\test</Filter>
    </ClCompile>
    <ClCompile Include="..\..\source\templates\fc_IirAsymLowPass.gtest.cpp">
      <Filter>Source Files\templates\blocks</Filter>
    </ClCompile>
    <ClCompile Include="..\..\source\templates\fc_Median.gtest.cpp">
      <Filter>Source Files\templates\blocks</Filter>
    </ClCompile>
    <ClCompile Include="..\..\test\BasicTests.cpp">
      <Filter>Source Files\test</Filter>
    </ClCompile>
    <ClCompile Include="..\..\source\fcflt_lib.c">
      <Filter>Source Files</Filter>
    </ClCompile>
    <ClCompile Include="..\..\source\fc8_lib.c">
      <Filter>Source Files</Filter>
    </ClCompile>
    <ClCompile Include="..\..\source\fc32_lib.c">
      <Filter>Source Files</Filter>
    </ClCompile>
    <ClCompile Include="..\..\test\Randomization.cpp">
      <Filter>Source Files\test</Filter>
    </ClCompile>
  </ItemGroup>
  <ItemGroup>
    <ClInclude Include="..\..\source\fc_Mallocator.h">
      <Filter>Source Files</Filter>
    </ClInclude>
    <ClInclude Include="..\..\source\fc_CountAllocator.h">
      <Filter>Source Files</Filter>
    </ClInclude>
    <ClInclude Include="..\..\source\fc_common.h">
      <Filter>Source Files</Filter>
    </ClInclude>
    <ClInclude Include="..\..\source\fc_IAllocator.h">
      <Filter>Source Files</Filter>
    </ClInclude>
    <ClInclude Include="..\..\source\fc_allocate.h">
      <Filter>Source Files</Filter>
    </ClInclude>
    <ClInclude Include="..\..\source\fc_Builder.h">
      <Filter>Source Files</Filter>
    </ClInclude>
    <ClInclude Include="..\..\source\fc_default_config.h">
      <Filter>Source Files</Filter>
    </ClInclude>
    <ClInclude Include="..\..\test\test_config.h">
      <Filter>Source Files\test</Filter>
    </ClInclude>
    <ClInclude Include="..\..\source\templates\fc_template_root.h">
      <Filter>Source Files\templates</Filter>
    </ClInclude>
    <ClInclude Include="..\..\source\fc_IVisitor.h">
      <Filter>Source Files</Filter>
    </ClInclude>
    <ClInclude Include="..\..\source\fc_WorkingBuffer.h">
      <Filter>Source Files</Filter>
    </ClInclude>
    <ClInclude Include="..\..\source\templates\fc_BlockChain.h">
      <Filter>Source Files\templates\blocks</Filter>
    </ClInclude>
    <ClInclude Include="..\..\source\templates\fc_Delay.h">
      <Filter>Source Files\templates\blocks</Filter>
    </ClInclude>
    <ClInclude Include="..\..\source\templates\fc_DownSampler.h">
      <Filter>Source Files\templates\blocks</Filter>
    </ClInclude>
    <ClInclude Include="..\..\source\templates\fc_IBlock.h">
      <Filter>Source Files\templates\blocks</Filter>
    </ClInclude>
    <ClInclude Include="..\..\source\templates\fc_Median.h">
      <Filter>Source Files\templates\blocks</Filter>
    </ClInclude>
    <ClInclude Include="..\..\source\templates\fc_PassThrough.h">
      <Filter>Source Files\templates\blocks</Filter>
    </ClInclude>
    <ClInclude Include="..\..\test\TestCommon.hpp">
      <Filter>Source Files\test</Filter>
    </ClInclude>
    <ClInclude Include="..\..\test\MockHeap.hpp">
      <Filter>Source Files\test</Filter>
    </ClInclude>
    <ClInclude Include="..\..\test\visitors.hpp">
      <Filter>Source Files\test</Filter>
    </ClInclude>
    <ClInclude Include="..\..\test\NotABlock.h">
      <Filter>Source Files\test</Filter>
    </ClInclude>
    <ClInclude Include="..\..\source\templates\fc_IirLowPass.h">
      <Filter>Source Files\templates\blocks</Filter>
    </ClInclude>
    <ClInclude Include="..\..\source\templates\fc_IirAsymLowPass.h">
      <Filter>Source Files\templates\blocks</Filter>
    </ClInclude>
    <ClInclude Include="..\..\source\templates\fc_IirAccelAsymLowPass.h">
      <Filter>Source Files\templates\blocks</Filter>
    </ClInclude>
    <ClInclude Include="..\..\test\BasicTests.hpp">
      <Filter>Source Files\test</Filter>
    </ClInclude>
    <ClInclude Include="..\..\test\numeric_utils.hpp">
      <Filter>Source Files\test</Filter>
    </ClInclude>
    <ClInclude Include="..\..\source\fcflt_lib.h">
      <Filter>Source Files</Filter>
    </ClInclude>
    <ClInclude Include="..\..\test\all_types.h">
      <Filter>Source Files\test</Filter>
    </ClInclude>
    <ClInclude Include="..\..\source\fc8_lib.h">
      <Filter>Source Files</Filter>
    </ClInclude>
    <ClInclude Include="..\..\source\fc32_lib.h">
      <Filter>Source Files</Filter>
    </ClInclude>
    <ClInclude Include="..\..\test\MetaNewx.hpp">
      <Filter>Source Files\test</Filter>
    </ClInclude>
    <ClInclude Include="..\..\test\Randomization.hpp">
      <Filter>Source Files\test</Filter>
    </ClInclude>
    <ClInclude Include="..\..\test\test_helper.h">
      <Filter>Source Files\test</Filter>
    </ClInclude>
  </ItemGroup>
  <ItemGroup>
    <None Include="..\..\source\templates\fc_cpp_helper.ipp">
      <Filter>Source Files\templates\blocks</Filter>
    </None>
  </ItemGroup>
</Project>